
Microsoft Visual Studio Solution File, Format Version 12.00
# Visual Studio Version 16
VisualStudioVersion = 16.0.31829.152
MinimumVisualStudioVersion = 10.0.40219.1
Project("{FAE04EC0-301F-11D3-BF4B-00C04F79EFBC}") = "LoggerService", "LoggerService\LoggerService.csproj", "{DD755B1A-5678-42E8-9ED3-0F68D9C29ECD}"
EndProject
Global
	GlobalSection(SolutionConfigurationPlatforms) = preSolution
		Debug|Any CPU = Debug|Any CPU
		Release|Any CPU = Release|Any CPU
	EndGlobalSection
	GlobalSection(ProjectConfigurationPlatforms) = postSolution
		{DD755B1A-5678-42E8-9ED3-0F68D9C29ECD}.Debug|Any CPU.ActiveCfg = Debug|Any CPU
		{DD755B1A-5678-42E8-9ED3-0F68D9C29ECD}.Debug|Any CPU.Build.0 = Debug|Any CPU
		{DD755B1A-5678-42E8-9ED3-0F68D9C29ECD}.Release|Any CPU.ActiveCfg = Release|Any CPU
		{DD755B1A-5678-42E8-9ED3-0F68D9C29ECD}.Release|Any CPU.Build.0 = Release|Any CPU
	EndGlobalSection
	GlobalSection(SolutionProperties) = preSolution
		HideSolutionNode = FALSE
	EndGlobalSection
	GlobalSection(ExtensibilityGlobals) = postSolution
		SolutionGuid = {C735D55C-C443-4412-8F55-3422D90E2603}
	EndGlobalSection
EndGlobal
