
Microsoft Visual Studio Solution File, Format Version 12.00
# Visual Studio Version 16
VisualStudioVersion = 16.0.31729.503
MinimumVisualStudioVersion = 10.0.40219.1
Project("{FAE04EC0-301F-11D3-BF4B-00C04F79EFBC}") = "Javno_Nadmetanje_Agregat", "Javno_Nadmetanje_Agregat\Javno_Nadmetanje_Agregat.csproj", "{94AFBB78-4724-4166-8698-4384DF74E64B}"
EndProject
Global
	GlobalSection(SolutionConfigurationPlatforms) = preSolution
		Debug|Any CPU = Debug|Any CPU
		Release|Any CPU = Release|Any CPU
	EndGlobalSection
	GlobalSection(ProjectConfigurationPlatforms) = postSolution
		{94AFBB78-4724-4166-8698-4384DF74E64B}.Debug|Any CPU.ActiveCfg = Debug|Any CPU
		{94AFBB78-4724-4166-8698-4384DF74E64B}.Debug|Any CPU.Build.0 = Debug|Any CPU
		{94AFBB78-4724-4166-8698-4384DF74E64B}.Release|Any CPU.ActiveCfg = Release|Any CPU
		{94AFBB78-4724-4166-8698-4384DF74E64B}.Release|Any CPU.Build.0 = Release|Any CPU
	EndGlobalSection
	GlobalSection(SolutionProperties) = preSolution
		HideSolutionNode = FALSE
	EndGlobalSection
	GlobalSection(ExtensibilityGlobals) = postSolution
		SolutionGuid = {7E2FF509-9DB2-4018-99EC-429CA488DAC1}
	EndGlobalSection
EndGlobal
