
Microsoft Visual Studio Solution File, Format Version 12.00
# Visual Studio Version 16
VisualStudioVersion = 16.0.31729.503
MinimumVisualStudioVersion = 10.0.40219.1
Project("{FAE04EC0-301F-11D3-BF4B-00C04F79EFBC}") = "Komisija_Agregat", "Komisija_Agregat.csproj", "{E92270B9-8344-4605-91BD-4C520F57C160}"
EndProject
Global
	GlobalSection(SolutionConfigurationPlatforms) = preSolution
		Debug|Any CPU = Debug|Any CPU
		Release|Any CPU = Release|Any CPU
	EndGlobalSection
	GlobalSection(ProjectConfigurationPlatforms) = postSolution
		{E92270B9-8344-4605-91BD-4C520F57C160}.Debug|Any CPU.ActiveCfg = Debug|Any CPU
		{E92270B9-8344-4605-91BD-4C520F57C160}.Debug|Any CPU.Build.0 = Debug|Any CPU
		{E92270B9-8344-4605-91BD-4C520F57C160}.Release|Any CPU.ActiveCfg = Release|Any CPU
		{E92270B9-8344-4605-91BD-4C520F57C160}.Release|Any CPU.Build.0 = Release|Any CPU
	EndGlobalSection
	GlobalSection(SolutionProperties) = preSolution
		HideSolutionNode = FALSE
	EndGlobalSection
	GlobalSection(ExtensibilityGlobals) = postSolution
		SolutionGuid = {934B6701-6139-40B2-B77D-6802D3C9F1F9}
	EndGlobalSection
EndGlobal
