
Microsoft Visual Studio Solution File, Format Version 12.00
# Visual Studio Version 17
VisualStudioVersion = 17.0.31919.166
MinimumVisualStudioVersion = 10.0.40219.1
Project("{9A19103F-16F7-4668-BE54-9A1E7A4F7556}") = "Zalba", "Zalba\Zalba.csproj", "{CA2B6E6E-0713-4610-AAD9-250238449876}"
EndProject
Global
	GlobalSection(SolutionConfigurationPlatforms) = preSolution
		Debug|Any CPU = Debug|Any CPU
		Release|Any CPU = Release|Any CPU
	EndGlobalSection
	GlobalSection(ProjectConfigurationPlatforms) = postSolution
		{CA2B6E6E-0713-4610-AAD9-250238449876}.Debug|Any CPU.ActiveCfg = Debug|Any CPU
		{CA2B6E6E-0713-4610-AAD9-250238449876}.Debug|Any CPU.Build.0 = Debug|Any CPU
		{CA2B6E6E-0713-4610-AAD9-250238449876}.Release|Any CPU.ActiveCfg = Release|Any CPU
		{CA2B6E6E-0713-4610-AAD9-250238449876}.Release|Any CPU.Build.0 = Release|Any CPU
	EndGlobalSection
	GlobalSection(SolutionProperties) = preSolution
		HideSolutionNode = FALSE
	EndGlobalSection
	GlobalSection(ExtensibilityGlobals) = postSolution
		SolutionGuid = {FFAEF53E-CA24-422C-9436-FDBC7CFD3486}
	EndGlobalSection
EndGlobal
